
Microsoft Visual Studio Solution File, Format Version 12.00
# Visual Studio 15
Project("{FAE04EC0-301F-11D3-BF4B-00C04F79EFBC}") = "UniGLTF", "UniGLTF.csproj", "{DF791D47-C64A-DE39-3A44-BEBB764429D0}"
EndProject
Project("{FAE04EC0-301F-11D3-BF4B-00C04F79EFBC}") = "VRMShaders.GLTF.IO.Runtime", "VRMShaders.GLTF.IO.Runtime.csproj", "{C387F8E2-1219-DB24-FAC2-A48A49153BEA}"
EndProject
Project("{FAE04EC0-301F-11D3-BF4B-00C04F79EFBC}") = "Assembly-CSharp", "Assembly-CSharp.csproj", "{4DE9E0F7-A36A-9157-EC7B-D81406994FE7}"
EndProject
Project("{FAE04EC0-301F-11D3-BF4B-00C04F79EFBC}") = "VRM10", "VRM10.csproj", "{9B0AF424-4134-9698-8C02-5B1A115DF405}"
EndProject
Project("{FAE04EC0-301F-11D3-BF4B-00C04F79EFBC}") = "VRMShaders.VRM10.MToon10.Runtime", "VRMShaders.VRM10.MToon10.Runtime.csproj", "{17BC01DF-E870-38EF-E84B-D776018712BB}"
EndProject
Project("{FAE04EC0-301F-11D3-BF4B-00C04F79EFBC}") = "UniHumanoid", "UniHumanoid.csproj", "{043B9621-D846-4606-B2DB-93E606EB8132}"
EndProject
Project("{FAE04EC0-301F-11D3-BF4B-00C04F79EFBC}") = "VrmLib", "VrmLib.csproj", "{92812318-1B15-2C63-AD22-464DA29499BF}"
EndProject
Project("{FAE04EC0-301F-11D3-BF4B-00C04F79EFBC}") = "FastSpringBone10", "FastSpringBone10.csproj", "{EC9BBEC1-5314-854A-4F58-6E965A98DE36}"
EndProject
Project("{FAE04EC0-301F-11D3-BF4B-00C04F79EFBC}") = "VRMShaders.GLTF.UniUnlit.Runtime", "VRMShaders.GLTF.UniUnlit.Runtime.csproj", "{D50AC2C8-1B19-2905-48BB-77434A6EC1B8}"
EndProject
Project("{FAE04EC0-301F-11D3-BF4B-00C04F79EFBC}") = "MToon", "MToon.csproj", "{8BBF6FD8-A6B2-030B-7C23-CD6B899B0999}"
EndProject
Project("{FAE04EC0-301F-11D3-BF4B-00C04F79EFBC}") = "OpenAI.Samples.Chat", "OpenAI.Samples.Chat.csproj", "{7947D0FA-FB03-41FE-F48D-ED89DA35C4DE}"
EndProject
Project("{FAE04EC0-301F-11D3-BF4B-00C04F79EFBC}") = "VRMShaders.VRM10.Format.Runtime", "VRMShaders.VRM10.Format.Runtime.csproj", "{C66905FA-9956-E5EF-4131-F2BA20BA5A3A}"
EndProject
Project("{FAE04EC0-301F-11D3-BF4B-00C04F79EFBC}") = "UniGLTF.Utils", "UniGLTF.Utils.csproj", "{B028B472-82BD-696A-361E-F8BDCE225C30}"
EndProject
Project("{FAE04EC0-301F-11D3-BF4B-00C04F79EFBC}") = "VRMShaders.VRM.IO.Runtime", "VRMShaders.VRM.IO.Runtime.csproj", "{9F75F7CD-C765-FBFC-0EE1-6E7781630A0B}"
EndProject
Project("{FAE04EC0-301F-11D3-BF4B-00C04F79EFBC}") = "OpenAI", "OpenAI.csproj", "{D570C5CE-EA1B-6BBA-4192-F46AF91DB611}"
EndProject
Project("{FAE04EC0-301F-11D3-BF4B-00C04F79EFBC}") = "VRMShaders.GLTF.IO.Tests", "VRMShaders.GLTF.IO.Tests.csproj", "{593893BC-DA21-9350-4DF7-E0E59C6258BF}"
EndProject
Project("{FAE04EC0-301F-11D3-BF4B-00C04F79EFBC}") = "UniGLTF.Tests", "UniGLTF.Tests.csproj", "{78BCBB02-0182-7308-69D2-02F94FF9256F}"
EndProject
Project("{FAE04EC0-301F-11D3-BF4B-00C04F79EFBC}") = "VRMShaders.GLTF.UniUnlit.Editor", "VRMShaders.GLTF.UniUnlit.Editor.csproj", "{B1642EFC-B73A-8D07-16F8-E8463CC5F96F}"
EndProject
Project("{FAE04EC0-301F-11D3-BF4B-00C04F79EFBC}") = "VRM10.Tests", "VRM10.Tests.csproj", "{D71D5CA9-44A1-F361-C94B-90486E3D7A93}"
EndProject
Project("{FAE04EC0-301F-11D3-BF4B-00C04F79EFBC}") = "UniGLTF.Editor", "UniGLTF.Editor.csproj", "{A2113A41-2F5B-C470-C1AB-C462E82F55E7}"
EndProject
Project("{FAE04EC0-301F-11D3-BF4B-00C04F79EFBC}") = "VRM10.Editor", "VRM10.Editor.csproj", "{728539BA-8108-7BE3-2C19-2E499220053B}"
EndProject
Project("{FAE04EC0-301F-11D3-BF4B-00C04F79EFBC}") = "UniHumanoid.Editor", "UniHumanoid.Editor.csproj", "{4D160E88-3F2C-6460-E3E2-347BA2E4A302}"
EndProject
Project("{FAE04EC0-301F-11D3-BF4B-00C04F79EFBC}") = "VrmLibTests", "VrmLibTests.csproj", "{B03077B0-0779-76BF-D0B1-60B1B723117B}"
EndProject
Project("{FAE04EC0-301F-11D3-BF4B-00C04F79EFBC}") = "VRMShaders.VRM10.MToon10.Editor", "VRMShaders.VRM10.MToon10.Editor.csproj", "{42883C0C-42F5-78F3-5C6A-B02C4ECA9075}"
EndProject
Project("{FAE04EC0-301F-11D3-BF4B-00C04F79EFBC}") = "MToon.Editor", "MToon.Editor.csproj", "{2AFD904C-2C50-8470-8EFF-C21072E5119B}"
EndProject
Project("{FAE04EC0-301F-11D3-BF4B-00C04F79EFBC}") = "VRMShaders.GLTF.IO.Editor", "VRMShaders.GLTF.IO.Editor.csproj", "{DA291D02-837A-6A7F-34B4-515F69370AEC}"
EndProject
Project("{FAE04EC0-301F-11D3-BF4B-00C04F79EFBC}") = "VRMShaders.VRM10.MToon10.Tests", "VRMShaders.VRM10.MToon10.Tests.csproj", "{C19D0757-F046-7F6F-F1DA-C8EF95355154}"
EndProject
Project("{FAE04EC0-301F-11D3-BF4B-00C04F79EFBC}") = "UniHumanoid.Editor.Tests", "UniHumanoid.Editor.Tests.csproj", "{A93CA344-81E2-D436-78CC-DD74EF9923B6}"
EndProject
Project("{FAE04EC0-301F-11D3-BF4B-00C04F79EFBC}") = "OpenAI.Editor", "OpenAI.Editor.csproj", "{B1643BB7-E731-F840-163B-EA49DD746BA0}"
EndProject
Global
	GlobalSection(SolutionConfigurationPlatforms) = preSolution
		Debug|Any CPU = Debug|Any CPU
		Release|Any CPU = Release|Any CPU
	EndGlobalSection
	GlobalSection(ProjectConfigurationPlatforms) = postSolution
		{DF791D47-C64A-DE39-3A44-BEBB764429D0}.Debug|Any CPU.ActiveCfg = Debug|Any CPU
		{DF791D47-C64A-DE39-3A44-BEBB764429D0}.Debug|Any CPU.Build.0 = Debug|Any CPU
		{DF791D47-C64A-DE39-3A44-BEBB764429D0}.Release|Any CPU.ActiveCfg = Release|Any CPU
		{DF791D47-C64A-DE39-3A44-BEBB764429D0}.Release|Any CPU.Build.0 = Release|Any CPU
		{C387F8E2-1219-DB24-FAC2-A48A49153BEA}.Debug|Any CPU.ActiveCfg = Debug|Any CPU
		{C387F8E2-1219-DB24-FAC2-A48A49153BEA}.Debug|Any CPU.Build.0 = Debug|Any CPU
		{C387F8E2-1219-DB24-FAC2-A48A49153BEA}.Release|Any CPU.ActiveCfg = Release|Any CPU
		{C387F8E2-1219-DB24-FAC2-A48A49153BEA}.Release|Any CPU.Build.0 = Release|Any CPU
		{4DE9E0F7-A36A-9157-EC7B-D81406994FE7}.Debug|Any CPU.ActiveCfg = Debug|Any CPU
		{4DE9E0F7-A36A-9157-EC7B-D81406994FE7}.Debug|Any CPU.Build.0 = Debug|Any CPU
		{4DE9E0F7-A36A-9157-EC7B-D81406994FE7}.Release|Any CPU.ActiveCfg = Release|Any CPU
		{4DE9E0F7-A36A-9157-EC7B-D81406994FE7}.Release|Any CPU.Build.0 = Release|Any CPU
		{9B0AF424-4134-9698-8C02-5B1A115DF405}.Debug|Any CPU.ActiveCfg = Debug|Any CPU
		{9B0AF424-4134-9698-8C02-5B1A115DF405}.Debug|Any CPU.Build.0 = Debug|Any CPU
		{9B0AF424-4134-9698-8C02-5B1A115DF405}.Release|Any CPU.ActiveCfg = Release|Any CPU
		{9B0AF424-4134-9698-8C02-5B1A115DF405}.Release|Any CPU.Build.0 = Release|Any CPU
		{17BC01DF-E870-38EF-E84B-D776018712BB}.Debug|Any CPU.ActiveCfg = Debug|Any CPU
		{17BC01DF-E870-38EF-E84B-D776018712BB}.Debug|Any CPU.Build.0 = Debug|Any CPU
		{17BC01DF-E870-38EF-E84B-D776018712BB}.Release|Any CPU.ActiveCfg = Release|Any CPU
		{17BC01DF-E870-38EF-E84B-D776018712BB}.Release|Any CPU.Build.0 = Release|Any CPU
		{043B9621-D846-4606-B2DB-93E606EB8132}.Debug|Any CPU.ActiveCfg = Debug|Any CPU
		{043B9621-D846-4606-B2DB-93E606EB8132}.Debug|Any CPU.Build.0 = Debug|Any CPU
		{043B9621-D846-4606-B2DB-93E606EB8132}.Release|Any CPU.ActiveCfg = Release|Any CPU
		{043B9621-D846-4606-B2DB-93E606EB8132}.Release|Any CPU.Build.0 = Release|Any CPU
		{92812318-1B15-2C63-AD22-464DA29499BF}.Debug|Any CPU.ActiveCfg = Debug|Any CPU
		{92812318-1B15-2C63-AD22-464DA29499BF}.Debug|Any CPU.Build.0 = Debug|Any CPU
		{92812318-1B15-2C63-AD22-464DA29499BF}.Release|Any CPU.ActiveCfg = Release|Any CPU
		{92812318-1B15-2C63-AD22-464DA29499BF}.Release|Any CPU.Build.0 = Release|Any CPU
		{EC9BBEC1-5314-854A-4F58-6E965A98DE36}.Debug|Any CPU.ActiveCfg = Debug|Any CPU
		{EC9BBEC1-5314-854A-4F58-6E965A98DE36}.Debug|Any CPU.Build.0 = Debug|Any CPU
		{EC9BBEC1-5314-854A-4F58-6E965A98DE36}.Release|Any CPU.ActiveCfg = Release|Any CPU
		{EC9BBEC1-5314-854A-4F58-6E965A98DE36}.Release|Any CPU.Build.0 = Release|Any CPU
		{D50AC2C8-1B19-2905-48BB-77434A6EC1B8}.Debug|Any CPU.ActiveCfg = Debug|Any CPU
		{D50AC2C8-1B19-2905-48BB-77434A6EC1B8}.Debug|Any CPU.Build.0 = Debug|Any CPU
		{D50AC2C8-1B19-2905-48BB-77434A6EC1B8}.Release|Any CPU.ActiveCfg = Release|Any CPU
		{D50AC2C8-1B19-2905-48BB-77434A6EC1B8}.Release|Any CPU.Build.0 = Release|Any CPU
		{8BBF6FD8-A6B2-030B-7C23-CD6B899B0999}.Debug|Any CPU.ActiveCfg = Debug|Any CPU
		{8BBF6FD8-A6B2-030B-7C23-CD6B899B0999}.Debug|Any CPU.Build.0 = Debug|Any CPU
		{8BBF6FD8-A6B2-030B-7C23-CD6B899B0999}.Release|Any CPU.ActiveCfg = Release|Any CPU
		{8BBF6FD8-A6B2-030B-7C23-CD6B899B0999}.Release|Any CPU.Build.0 = Release|Any CPU
		{7947D0FA-FB03-41FE-F48D-ED89DA35C4DE}.Debug|Any CPU.ActiveCfg = Debug|Any CPU
		{7947D0FA-FB03-41FE-F48D-ED89DA35C4DE}.Debug|Any CPU.Build.0 = Debug|Any CPU
		{7947D0FA-FB03-41FE-F48D-ED89DA35C4DE}.Release|Any CPU.ActiveCfg = Release|Any CPU
		{7947D0FA-FB03-41FE-F48D-ED89DA35C4DE}.Release|Any CPU.Build.0 = Release|Any CPU
		{C66905FA-9956-E5EF-4131-F2BA20BA5A3A}.Debug|Any CPU.ActiveCfg = Debug|Any CPU
		{C66905FA-9956-E5EF-4131-F2BA20BA5A3A}.Debug|Any CPU.Build.0 = Debug|Any CPU
		{C66905FA-9956-E5EF-4131-F2BA20BA5A3A}.Release|Any CPU.ActiveCfg = Release|Any CPU
		{C66905FA-9956-E5EF-4131-F2BA20BA5A3A}.Release|Any CPU.Build.0 = Release|Any CPU
		{B028B472-82BD-696A-361E-F8BDCE225C30}.Debug|Any CPU.ActiveCfg = Debug|Any CPU
		{B028B472-82BD-696A-361E-F8BDCE225C30}.Debug|Any CPU.Build.0 = Debug|Any CPU
		{B028B472-82BD-696A-361E-F8BDCE225C30}.Release|Any CPU.ActiveCfg = Release|Any CPU
		{B028B472-82BD-696A-361E-F8BDCE225C30}.Release|Any CPU.Build.0 = Release|Any CPU
		{9F75F7CD-C765-FBFC-0EE1-6E7781630A0B}.Debug|Any CPU.ActiveCfg = Debug|Any CPU
		{9F75F7CD-C765-FBFC-0EE1-6E7781630A0B}.Debug|Any CPU.Build.0 = Debug|Any CPU
		{9F75F7CD-C765-FBFC-0EE1-6E7781630A0B}.Release|Any CPU.ActiveCfg = Release|Any CPU
		{9F75F7CD-C765-FBFC-0EE1-6E7781630A0B}.Release|Any CPU.Build.0 = Release|Any CPU
		{D570C5CE-EA1B-6BBA-4192-F46AF91DB611}.Debug|Any CPU.ActiveCfg = Debug|Any CPU
		{D570C5CE-EA1B-6BBA-4192-F46AF91DB611}.Debug|Any CPU.Build.0 = Debug|Any CPU
		{D570C5CE-EA1B-6BBA-4192-F46AF91DB611}.Release|Any CPU.ActiveCfg = Release|Any CPU
		{D570C5CE-EA1B-6BBA-4192-F46AF91DB611}.Release|Any CPU.Build.0 = Release|Any CPU
		{593893BC-DA21-9350-4DF7-E0E59C6258BF}.Debug|Any CPU.ActiveCfg = Debug|Any CPU
		{593893BC-DA21-9350-4DF7-E0E59C6258BF}.Debug|Any CPU.Build.0 = Debug|Any CPU
		{593893BC-DA21-9350-4DF7-E0E59C6258BF}.Release|Any CPU.ActiveCfg = Release|Any CPU
		{593893BC-DA21-9350-4DF7-E0E59C6258BF}.Release|Any CPU.Build.0 = Release|Any CPU
		{78BCBB02-0182-7308-69D2-02F94FF9256F}.Debug|Any CPU.ActiveCfg = Debug|Any CPU
		{78BCBB02-0182-7308-69D2-02F94FF9256F}.Debug|Any CPU.Build.0 = Debug|Any CPU
		{78BCBB02-0182-7308-69D2-02F94FF9256F}.Release|Any CPU.ActiveCfg = Release|Any CPU
		{78BCBB02-0182-7308-69D2-02F94FF9256F}.Release|Any CPU.Build.0 = Release|Any CPU
		{B1642EFC-B73A-8D07-16F8-E8463CC5F96F}.Debug|Any CPU.ActiveCfg = Debug|Any CPU
		{B1642EFC-B73A-8D07-16F8-E8463CC5F96F}.Debug|Any CPU.Build.0 = Debug|Any CPU
		{B1642EFC-B73A-8D07-16F8-E8463CC5F96F}.Release|Any CPU.ActiveCfg = Release|Any CPU
		{B1642EFC-B73A-8D07-16F8-E8463CC5F96F}.Release|Any CPU.Build.0 = Release|Any CPU
		{D71D5CA9-44A1-F361-C94B-90486E3D7A93}.Debug|Any CPU.ActiveCfg = Debug|Any CPU
		{D71D5CA9-44A1-F361-C94B-90486E3D7A93}.Debug|Any CPU.Build.0 = Debug|Any CPU
		{D71D5CA9-44A1-F361-C94B-90486E3D7A93}.Release|Any CPU.ActiveCfg = Release|Any CPU
		{D71D5CA9-44A1-F361-C94B-90486E3D7A93}.Release|Any CPU.Build.0 = Release|Any CPU
		{A2113A41-2F5B-C470-C1AB-C462E82F55E7}.Debug|Any CPU.ActiveCfg = Debug|Any CPU
		{A2113A41-2F5B-C470-C1AB-C462E82F55E7}.Debug|Any CPU.Build.0 = Debug|Any CPU
		{A2113A41-2F5B-C470-C1AB-C462E82F55E7}.Release|Any CPU.ActiveCfg = Release|Any CPU
		{A2113A41-2F5B-C470-C1AB-C462E82F55E7}.Release|Any CPU.Build.0 = Release|Any CPU
		{728539BA-8108-7BE3-2C19-2E499220053B}.Debug|Any CPU.ActiveCfg = Debug|Any CPU
		{728539BA-8108-7BE3-2C19-2E499220053B}.Debug|Any CPU.Build.0 = Debug|Any CPU
		{728539BA-8108-7BE3-2C19-2E499220053B}.Release|Any CPU.ActiveCfg = Release|Any CPU
		{728539BA-8108-7BE3-2C19-2E499220053B}.Release|Any CPU.Build.0 = Release|Any CPU
		{4D160E88-3F2C-6460-E3E2-347BA2E4A302}.Debug|Any CPU.ActiveCfg = Debug|Any CPU
		{4D160E88-3F2C-6460-E3E2-347BA2E4A302}.Debug|Any CPU.Build.0 = Debug|Any CPU
		{4D160E88-3F2C-6460-E3E2-347BA2E4A302}.Release|Any CPU.ActiveCfg = Release|Any CPU
		{4D160E88-3F2C-6460-E3E2-347BA2E4A302}.Release|Any CPU.Build.0 = Release|Any CPU
		{B03077B0-0779-76BF-D0B1-60B1B723117B}.Debug|Any CPU.ActiveCfg = Debug|Any CPU
		{B03077B0-0779-76BF-D0B1-60B1B723117B}.Debug|Any CPU.Build.0 = Debug|Any CPU
		{B03077B0-0779-76BF-D0B1-60B1B723117B}.Release|Any CPU.ActiveCfg = Release|Any CPU
		{B03077B0-0779-76BF-D0B1-60B1B723117B}.Release|Any CPU.Build.0 = Release|Any CPU
		{42883C0C-42F5-78F3-5C6A-B02C4ECA9075}.Debug|Any CPU.ActiveCfg = Debug|Any CPU
		{42883C0C-42F5-78F3-5C6A-B02C4ECA9075}.Debug|Any CPU.Build.0 = Debug|Any CPU
		{42883C0C-42F5-78F3-5C6A-B02C4ECA9075}.Release|Any CPU.ActiveCfg = Release|Any CPU
		{42883C0C-42F5-78F3-5C6A-B02C4ECA9075}.Release|Any CPU.Build.0 = Release|Any CPU
		{2AFD904C-2C50-8470-8EFF-C21072E5119B}.Debug|Any CPU.ActiveCfg = Debug|Any CPU
		{2AFD904C-2C50-8470-8EFF-C21072E5119B}.Debug|Any CPU.Build.0 = Debug|Any CPU
		{2AFD904C-2C50-8470-8EFF-C21072E5119B}.Release|Any CPU.ActiveCfg = Release|Any CPU
		{2AFD904C-2C50-8470-8EFF-C21072E5119B}.Release|Any CPU.Build.0 = Release|Any CPU
		{DA291D02-837A-6A7F-34B4-515F69370AEC}.Debug|Any CPU.ActiveCfg = Debug|Any CPU
		{DA291D02-837A-6A7F-34B4-515F69370AEC}.Debug|Any CPU.Build.0 = Debug|Any CPU
		{DA291D02-837A-6A7F-34B4-515F69370AEC}.Release|Any CPU.ActiveCfg = Release|Any CPU
		{DA291D02-837A-6A7F-34B4-515F69370AEC}.Release|Any CPU.Build.0 = Release|Any CPU
		{C19D0757-F046-7F6F-F1DA-C8EF95355154}.Debug|Any CPU.ActiveCfg = Debug|Any CPU
		{C19D0757-F046-7F6F-F1DA-C8EF95355154}.Debug|Any CPU.Build.0 = Debug|Any CPU
		{C19D0757-F046-7F6F-F1DA-C8EF95355154}.Release|Any CPU.ActiveCfg = Release|Any CPU
		{C19D0757-F046-7F6F-F1DA-C8EF95355154}.Release|Any CPU.Build.0 = Release|Any CPU
		{A93CA344-81E2-D436-78CC-DD74EF9923B6}.Debug|Any CPU.ActiveCfg = Debug|Any CPU
		{A93CA344-81E2-D436-78CC-DD74EF9923B6}.Debug|Any CPU.Build.0 = Debug|Any CPU
		{A93CA344-81E2-D436-78CC-DD74EF9923B6}.Release|Any CPU.ActiveCfg = Release|Any CPU
		{A93CA344-81E2-D436-78CC-DD74EF9923B6}.Release|Any CPU.Build.0 = Release|Any CPU
		{B1643BB7-E731-F840-163B-EA49DD746BA0}.Debug|Any CPU.ActiveCfg = Debug|Any CPU
		{B1643BB7-E731-F840-163B-EA49DD746BA0}.Debug|Any CPU.Build.0 = Debug|Any CPU
		{B1643BB7-E731-F840-163B-EA49DD746BA0}.Release|Any CPU.ActiveCfg = Release|Any CPU
		{B1643BB7-E731-F840-163B-EA49DD746BA0}.Release|Any CPU.Build.0 = Release|Any CPU
	EndGlobalSection
	GlobalSection(SolutionProperties) = preSolution
		HideSolutionNode = FALSE
	EndGlobalSection
EndGlobal
